
Microsoft Visual Studio Solution File, Format Version 12.00
# Visual Studio 15
VisualStudioVersion = 15.0.28307.329
MinimumVisualStudioVersion = 10.0.40219.1
Project("{FAE04EC0-301F-11D3-BF4B-00C04F79EFBC}") = "PhoneBookWebApi", "PhoneBookWebApi\PhoneBookWebApi.csproj", "{26E1A880-E709-4172-B911-9352590DCA1B}"
EndProject
Global
	GlobalSection(SolutionConfigurationPlatforms) = preSolution
		Debug|Any CPU = Debug|Any CPU
		Release|Any CPU = Release|Any CPU
	EndGlobalSection
	GlobalSection(ProjectConfigurationPlatforms) = postSolution
		{26E1A880-E709-4172-B911-9352590DCA1B}.Debug|Any CPU.ActiveCfg = Debug|Any CPU
		{26E1A880-E709-4172-B911-9352590DCA1B}.Debug|Any CPU.Build.0 = Debug|Any CPU
		{26E1A880-E709-4172-B911-9352590DCA1B}.Release|Any CPU.ActiveCfg = Release|Any CPU
		{26E1A880-E709-4172-B911-9352590DCA1B}.Release|Any CPU.Build.0 = Release|Any CPU
	EndGlobalSection
	GlobalSection(SolutionProperties) = preSolution
		HideSolutionNode = FALSE
	EndGlobalSection
	GlobalSection(ExtensibilityGlobals) = postSolution
		SolutionGuid = {533CEFF7-E1CE-4CC2-BC7C-535A7C3398B3}
	EndGlobalSection
EndGlobal
